
Microsoft Visual Studio Solution File, Format Version 12.00
# Visual Studio Version 17
VisualStudioVersion = 17.5.33516.290
MinimumVisualStudioVersion = 10.0.40219.1
Project("{FAE04EC0-301F-11D3-BF4B-00C04F79EFBC}") = "BeamMP Installer", "BeamMP Installer\BeamMP Installer.csproj", "{A88DEDB0-1544-4804-9E13-284560672964}"
EndProject
Project("{FAE04EC0-301F-11D3-BF4B-00C04F79EFBC}") = "DarkControls", "DarkControls\DarkControls.csproj", "{66C94ACB-63C7-42A3-9D83-A3801CED4F1C}"
EndProject
Global
	GlobalSection(SolutionConfigurationPlatforms) = preSolution
		Debug|Any CPU = Debug|Any CPU
		Debug|x64 = Debug|x64
		Release|Any CPU = Release|Any CPU
		Release|x64 = Release|x64
	EndGlobalSection
	GlobalSection(ProjectConfigurationPlatforms) = postSolution
		{A88DEDB0-1544-4804-9E13-284560672964}.Debug|Any CPU.ActiveCfg = Debug|Any CPU
		{A88DEDB0-1544-4804-9E13-284560672964}.Debug|Any CPU.Build.0 = Debug|Any CPU
		{A88DEDB0-1544-4804-9E13-284560672964}.Debug|x64.ActiveCfg = Debug|x64
		{A88DEDB0-1544-4804-9E13-284560672964}.Debug|x64.Build.0 = Debug|x64
		{A88DEDB0-1544-4804-9E13-284560672964}.Release|Any CPU.ActiveCfg = Release|Any CPU
		{A88DEDB0-1544-4804-9E13-284560672964}.Release|Any CPU.Build.0 = Release|Any CPU
		{A88DEDB0-1544-4804-9E13-284560672964}.Release|x64.ActiveCfg = Release|x64
		{A88DEDB0-1544-4804-9E13-284560672964}.Release|x64.Build.0 = Release|x64
		{66C94ACB-63C7-42A3-9D83-A3801CED4F1C}.Debug|Any CPU.ActiveCfg = Debug|Any CPU
		{66C94ACB-63C7-42A3-9D83-A3801CED4F1C}.Debug|Any CPU.Build.0 = Debug|Any CPU
		{66C94ACB-63C7-42A3-9D83-A3801CED4F1C}.Debug|x64.ActiveCfg = Debug|x64
		{66C94ACB-63C7-42A3-9D83-A3801CED4F1C}.Debug|x64.Build.0 = Debug|x64
		{66C94ACB-63C7-42A3-9D83-A3801CED4F1C}.Release|Any CPU.ActiveCfg = Release|Any CPU
		{66C94ACB-63C7-42A3-9D83-A3801CED4F1C}.Release|Any CPU.Build.0 = Release|Any CPU
		{66C94ACB-63C7-42A3-9D83-A3801CED4F1C}.Release|x64.ActiveCfg = Release|x64
		{66C94ACB-63C7-42A3-9D83-A3801CED4F1C}.Release|x64.Build.0 = Release|x64
	EndGlobalSection
	GlobalSection(SolutionProperties) = preSolution
		HideSolutionNode = FALSE
	EndGlobalSection
	GlobalSection(ExtensibilityGlobals) = postSolution
		SolutionGuid = {A9B39802-699E-4C2C-8736-84A214D0AA52}
	EndGlobalSection
EndGlobal
